
Microsoft Visual Studio Solution File, Format Version 12.00
# Visual Studio Version 16
VisualStudioVersion = 16.0.30611.23
MinimumVisualStudioVersion = 10.0.40219.1
Project("{FAE04EC0-301F-11D3-BF4B-00C04F79EFBC}") = "DrunkenSaibor", "DrunkenSaibor\DrunkenSaibor.csproj", "{10A00DA1-18E5-456B-9E29-45887FC1D0FD}"
EndProject
Project("{2150E333-8FDC-42A3-9474-1A3956D46DE8}") = "Solution Items", "Solution Items", "{2ADBA0D6-E396-4185-AFE8-7B3A5D6FAC26}"
	ProjectSection(SolutionItems) = preProject
		.editorconfig = .editorconfig
	EndProjectSection
EndProject
Global
	GlobalSection(SolutionConfigurationPlatforms) = preSolution
		Debug|Any CPU = Debug|Any CPU
		Release|Any CPU = Release|Any CPU
	EndGlobalSection
	GlobalSection(ProjectConfigurationPlatforms) = postSolution
		{10A00DA1-18E5-456B-9E29-45887FC1D0FD}.Debug|Any CPU.ActiveCfg = Debug|Any CPU
		{10A00DA1-18E5-456B-9E29-45887FC1D0FD}.Debug|Any CPU.Build.0 = Debug|Any CPU
		{10A00DA1-18E5-456B-9E29-45887FC1D0FD}.Release|Any CPU.ActiveCfg = Release|Any CPU
		{10A00DA1-18E5-456B-9E29-45887FC1D0FD}.Release|Any CPU.Build.0 = Release|Any CPU
	EndGlobalSection
	GlobalSection(SolutionProperties) = preSolution
		HideSolutionNode = FALSE
	EndGlobalSection
	GlobalSection(ExtensibilityGlobals) = postSolution
		SolutionGuid = {AE609E15-910E-4B66-986E-1201E9F8B709}
	EndGlobalSection
EndGlobal
